{
  "name": "aozhe",
  "version": "1.0.0",
  "lockfileVersion": 1,
  "requires": true,
  "dependencies": {
    "@ant-design/colors": {
      "version": "3.2.2",
      "resolved": "http://nexus.h3yun.com:8888/repository/npm-all/@ant-design/colors/-/colors-3.2.2.tgz",
      "integrity": "sha1-WtQ9YZ6RHzSI66wwPWBuZqhCOQM=",
      "requires": {
        "tinycolor2": "^1.4.1"
      }
    },
    "@ant-design/icons": {
      "version": "1.2.1",
      "resolved": "http://nexus.h3yun.com:8888/repository/npm-all/@ant-design/icons/-/icons-1.2.1.tgz",
      "integrity": "sha1-jhkwGxQz7GfWu9DoknguKt5WH/k=",
      "dev": true
    },
    "@ant-design/icons-vue": {
      "version": "1.0.1",
      "resolved": "http://nexus.h3yun.com:8888/repository/npm-all/@ant-design/icons-vue/-/icons-vue-1.0.1.tgz",
      "integrity": "sha1-NDV5IZwEGQgxyco4Jq7HNhu4tNQ=",
      "dev": true,
      "requires": {
        "ant-design-palettes": "^1.1.3",
        "babel-runtime": "^6.26.0"
      }
    },
    "add-dom-event-listener": {
      "version": "1.1.0",
      "resolved": "http://nexus.h3yun.com:8888/repository/npm-all/add-dom-event-listener/-/add-dom-event-listener-1.1.0.tgz",
      "integrity": "sha1-apLbOg3Qq8JU4JXA8dwUrLuq4xA=",
      "requires": {
        "object-assign": "4.x"
      }
    },
    "ant-design-palettes": {
      "version": "1.1.3",
      "resolved": "http://nexus.h3yun.com:8888/repository/npm-all/ant-design-palettes/-/ant-design-palettes-1.1.3.tgz",
      "integrity": "sha1-hBGbGk2GNjrcUqONWH5lM2oKJ90=",
      "dev": true,
      "requires": {
        "tinycolor2": "^1.4.1"
      }
    },
    "ant-design-vue": {
      "version": "1.4.0-beta.0",
      "resolved": "http://nexus.h3yun.com:8888/repository/npm-all/ant-design-vue/-/ant-design-vue-1.4.0-beta.0.tgz",
      "integrity": "sha1-osfZaDgEEBaRvLPFGOARTcZ+/m8=",
      "requires": {
        "@ant-design/icons": "^2.1.1",
        "@ant-design/icons-vue": "^2.0.0",
        "add-dom-event-listener": "^1.0.2",
        "array-tree-filter": "^2.1.0",
        "async-validator": "^3.0.3",
        "babel-helper-vue-jsx-merge-props": "^2.0.3",
        "babel-runtime": "6.x",
        "classnames": "^2.2.5",
        "component-classes": "^1.2.6",
        "dom-align": "^1.7.0",
        "dom-closest": "^0.2.0",
        "dom-scroll-into-view": "^1.2.1",
        "enquire.js": "^2.1.6",
        "intersperse": "^1.0.0",
        "is-negative-zero": "^2.0.0",
        "ismobilejs": "^0.5.1",
        "json2mq": "^0.2.0",
        "lodash": "^4.17.5",
        "moment": "^2.21.0",
        "mutationobserver-shim": "^0.3.2",
        "node-emoji": "^1.10.0",
        "omit.js": "^1.0.0",
        "raf": "^3.4.0",
        "resize-observer-polyfill": "^1.5.1",
        "shallow-equal": "^1.0.0",
        "shallowequal": "^1.0.2",
        "vue-ref": "^1.0.4",
        "warning": "^3.0.0"
      },
      "dependencies": {
        "@ant-design/icons": {
          "version": "2.1.1",
          "resolved": "http://nexus.h3yun.com:8888/repository/npm-all/@ant-design/icons/-/icons-2.1.1.tgz",
          "integrity": "sha1-e5wI3/1PXUHbZn2dvl4BB9C9mko="
        },
        "@ant-design/icons-vue": {
          "version": "2.0.0",
          "resolved": "http://nexus.h3yun.com:8888/repository/npm-all/@ant-design/icons-vue/-/icons-vue-2.0.0.tgz",
          "integrity": "sha1-A1f1AQpATp80qHpLQbKgjfaR284=",
          "requires": {
            "@ant-design/colors": "^3.1.0",
            "babel-runtime": "^6.26.0"
          }
        },
        "async-validator": {
          "version": "3.1.0",
          "resolved": "http://nexus.h3yun.com:8888/repository/npm-all/async-validator/-/async-validator-3.1.0.tgz",
          "integrity": "sha1-RH216wA8u0fmUPBAA3op/DiBzpI="
        }
      }
    },
    "array-tree-filter": {
      "version": "2.1.0",
      "resolved": "http://nexus.h3yun.com:8888/repository/npm-all/array-tree-filter/-/array-tree-filter-2.1.0.tgz",
      "integrity": "sha1-hzrAD+yDdJ8lWsjdCDgUtPYykZA="
    },
    "async-validator": {
      "version": "1.12.2",
      "resolved": "http://nexus.h3yun.com:8888/repository/npm-all/async-validator/-/async-validator-1.12.2.tgz",
      "integrity": "sha1-vq5nHnF00pOLe0tp0vt+cit/1yw=",
      "dev": true
    },
    "babel-helper-vue-jsx-merge-props": {
      "version": "2.0.3",
      "resolved": "http://nexus.h3yun.com:8888/repository/npm-all/babel-helper-vue-jsx-merge-props/-/babel-helper-vue-jsx-merge-props-2.0.3.tgz",
      "integrity": "sha1-Iq69OzOQIyjlEyk6jkmSs4T58bY="
    },
    "babel-runtime": {
      "version": "6.26.0",
      "resolved": "http://nexus.h3yun.com:8888/repository/npm-all/babel-runtime/-/babel-runtime-6.26.0.tgz",
      "integrity": "sha1-llxwWGaOgrVde/4E/yM3vItWR/4=",
      "requires": {
        "core-js": "^2.4.0",
        "regenerator-runtime": "^0.11.0"
      }
    },
    "classnames": {
      "version": "2.2.6",
      "resolved": "http://nexus.h3yun.com:8888/repository/npm-all/classnames/-/classnames-2.2.6.tgz",
      "integrity": "sha1-Q5Nb/90pHzJtrQogUwmzjQD2UM4="
    },
    "component-classes": {
      "version": "1.2.6",
      "resolved": "http://nexus.h3yun.com:8888/repository/npm-all/component-classes/-/component-classes-1.2.6.tgz",
      "integrity": "sha1-xkI5TDYYpNiwuJGe/Mu9kw5c1pE=",
      "requires": {
        "component-indexof": "0.0.3"
      }
    },
    "component-indexof": {
      "version": "0.0.3",
      "resolved": "http://nexus.h3yun.com:8888/repository/npm-all/component-indexof/-/component-indexof-0.0.3.tgz",
      "integrity": "sha1-EdCRMSI5648yyPJa6csAL/6NPCQ="
    },
    "core-js": {
      "version": "2.6.9",
      "resolved": "http://nexus.h3yun.com:8888/repository/npm-all/core-js/-/core-js-2.6.9.tgz",
      "integrity": "sha1-a0shRiDINBUuF5Mjcn/Bl0GwhPI="
    },
    "dom-align": {
      "version": "1.10.2",
      "resolved": "http://nexus.h3yun.com:8888/repository/npm-all/dom-align/-/dom-align-1.10.2.tgz",
      "integrity": "sha1-VA6hyeIEYr0RufwoxWHcg1Hs5MY="
    },
    "dom-closest": {
      "version": "0.2.0",
      "resolved": "http://nexus.h3yun.com:8888/repository/npm-all/dom-closest/-/dom-closest-0.2.0.tgz",
      "integrity": "sha1-69n5HRvyLo1vR3h2u80+yQIWwM8=",
      "requires": {
        "dom-matches": ">=1.0.1"
      }
    },
    "dom-matches": {
      "version": "2.0.0",
      "resolved": "http://nexus.h3yun.com:8888/repository/npm-all/dom-matches/-/dom-matches-2.0.0.tgz",
      "integrity": "sha1-0nKLQWqHUzmA6wibhI0lPPI6dYw="
    },
    "dom-scroll-into-view": {
      "version": "1.2.1",
      "resolved": "http://nexus.h3yun.com:8888/repository/npm-all/dom-scroll-into-view/-/dom-scroll-into-view-1.2.1.tgz",
      "integrity": "sha1-6PNnMt0ImwIBqI14Fdw/iObWbH4="
    },
    "enquire.js": {
      "version": "2.1.6",
      "resolved": "http://nexus.h3yun.com:8888/repository/npm-all/enquire.js/-/enquire.js-2.1.6.tgz",
      "integrity": "sha1-PoeAybi4NQhMP2DhZtvDwqPImBQ="
    },
    "h3-antd-vue": {
      "version": "1.1.48",
      "resolved": "http://nexus.h3yun.com:8888/repository/npm-all/h3-antd-vue/-/h3-antd-vue-1.1.48.tgz",
      "integrity": "sha512-tN7p6lqxPYzNRoO6libx694ZWYb1WOkGxdN5TqeJU7XowRgxuo9/8CAE/3GOsCuUTtkWQQVZJUUozwynd+37fg==",
      "dev": true,
      "requires": {
        "@ant-design/icons": "^1.1.15",
        "@ant-design/icons-vue": "^1.0.1",
        "add-dom-event-listener": "^1.0.2",
        "array-tree-filter": "^2.1.0",
        "async-validator": "^1.8.2",
        "babel-helper-vue-jsx-merge-props": "^2.0.3",
        "babel-runtime": "6.x",
        "classnames": "^2.2.5",
        "component-classes": "^1.2.6",
        "dom-align": "^1.7.0",
        "dom-closest": "^0.2.0",
        "dom-scroll-into-view": "^1.2.1",
        "enquire.js": "^2.1.6",
        "intersperse": "^1.0.0",
        "is-negative-zero": "^2.0.0",
        "ismobilejs": "^0.5.1",
        "json2mq": "^0.2.0",
        "lodash": "^4.17.5",
        "moment": "^2.21.0",
        "mutationobserver-shim": "^0.3.2",
        "omit.js": "^1.0.0",
        "raf": "^3.4.0",
        "resize-observer-polyfill": "^1.5.1",
        "shallow-equal": "^1.0.0",
        "shallowequal": "^1.0.2",
        "vue-ref": "^1.0.4",
        "warning": "^3.0.0"
      }
    },
    "intersperse": {
      "version": "1.0.0",
      "resolved": "http://nexus.h3yun.com:8888/repository/npm-all/intersperse/-/intersperse-1.0.0.tgz",
      "integrity": "sha1-8lYfsc/vn1J3zDNHoiiGtDUaUYE="
    },
    "is-negative-zero": {
      "version": "2.0.0",
      "resolved": "http://nexus.h3yun.com:8888/repository/npm-all/is-negative-zero/-/is-negative-zero-2.0.0.tgz",
      "integrity": "sha1-lVOxIbD6wohp2p7UWeIMdUN4hGE="
    },
    "ismobilejs": {
      "version": "0.5.2",
      "resolved": "http://nexus.h3yun.com:8888/repository/npm-all/ismobilejs/-/ismobilejs-0.5.2.tgz",
      "integrity": "sha1-6Bus9hh8UyrYNINV9P7Nbmrf3OE="
    },
    "js-tokens": {
      "version": "4.0.0",
      "resolved": "http://nexus.h3yun.com:8888/repository/npm-all/js-tokens/-/js-tokens-4.0.0.tgz",
      "integrity": "sha1-GSA/tZmR35jjoocFDUZHzerzJJk="
    },
    "json2mq": {
      "version": "0.2.0",
      "resolved": "http://nexus.h3yun.com:8888/repository/npm-all/json2mq/-/json2mq-0.2.0.tgz",
      "integrity": "sha1-tje9O6nqvhIsg+lyBIOusQ0skEo=",
      "requires": {
        "string-convert": "^0.2.0"
      }
    },
    "lodash": {
      "version": "4.17.19",
      "resolved": "https://registry.npmjs.org/lodash/-/lodash-4.17.19.tgz",
      "integrity": "sha512-JNvd8XER9GQX0v2qJgsaN/mzFCNA5BRe/j8JN9d+tWyGLSodKQHKFicdwNYzWwI3wjRnaKPsGj1XkBjx/F96DQ=="
    },
    "lodash.toarray": {
      "version": "4.4.0",
      "resolved": "http://nexus.h3yun.com:8888/repository/npm-all/lodash.toarray/-/lodash.toarray-4.4.0.tgz",
      "integrity": "sha1-JMS/zWsvuji/0FlNsRedjptlZWE="
    },
    "loose-envify": {
      "version": "1.4.0",
      "resolved": "http://nexus.h3yun.com:8888/repository/npm-all/loose-envify/-/loose-envify-1.4.0.tgz",
      "integrity": "sha1-ce5R+nvkyuwaY4OffmgtgTLTDK8=",
      "requires": {
        "js-tokens": "^3.0.0 || ^4.0.0"
      }
    },
    "moment": {
      "version": "2.24.0",
      "resolved": "http://nexus.h3yun.com:8888/repository/npm-all/moment/-/moment-2.24.0.tgz",
      "integrity": "sha1-DQVdU/UFKqZTyfbraLtdEr9cK1s="
    },
    "mutationobserver-shim": {
      "version": "0.3.3",
      "resolved": "http://nexus.h3yun.com:8888/repository/npm-all/mutationobserver-shim/-/mutationobserver-shim-0.3.3.tgz",
      "integrity": "sha1-ZYaWMLyJ17+MnNnLghiM2VWqzSs="
    },
    "node-emoji": {
      "version": "1.10.0",
      "resolved": "http://nexus.h3yun.com:8888/repository/npm-all/node-emoji/-/node-emoji-1.10.0.tgz",
      "integrity": "sha1-iIar0l2ce7YYAqZYUj0fjSqJsto=",
      "requires": {
        "lodash.toarray": "^4.4.0"
      }
    },
    "object-assign": {
      "version": "4.1.1",
      "resolved": "http://nexus.h3yun.com:8888/repository/npm-all/object-assign/-/object-assign-4.1.1.tgz",
      "integrity": "sha1-IQmtx5ZYh8/AXLvUQsrIv7s2CGM="
    },
    "omit.js": {
      "version": "1.0.2",
      "resolved": "http://nexus.h3yun.com:8888/repository/npm-all/omit.js/-/omit.js-1.0.2.tgz",
      "integrity": "sha1-kaFPDrqEBm36AVvzDkdMR/MLyFg=",
      "requires": {
        "babel-runtime": "^6.23.0"
      }
    },
    "performance-now": {
      "version": "2.1.0",
      "resolved": "http://nexus.h3yun.com:8888/repository/npm-all/performance-now/-/performance-now-2.1.0.tgz",
      "integrity": "sha1-Ywn04OX6kT7BxpMHrjZLSzd8nns="
    },
    "raf": {
      "version": "3.4.1",
      "resolved": "http://nexus.h3yun.com:8888/repository/npm-all/raf/-/raf-3.4.1.tgz",
      "integrity": "sha1-B0LpmkplUvRF1z4+4DKK8P8e3jk=",
      "requires": {
        "performance-now": "^2.1.0"
      }
    },
    "regenerator-runtime": {
      "version": "0.11.1",
      "resolved": "http://nexus.h3yun.com:8888/repository/npm-all/regenerator-runtime/-/regenerator-runtime-0.11.1.tgz",
      "integrity": "sha1-vgWtf5v30i4Fb5cmzuUBf78Z4uk="
    },
    "resize-observer-polyfill": {
      "version": "1.5.1",
      "resolved": "http://nexus.h3yun.com:8888/repository/npm-all/resize-observer-polyfill/-/resize-observer-polyfill-1.5.1.tgz",
      "integrity": "sha1-DpAg3T0hAkRY1OvSfiPkAmmBBGQ="
    },
    "shallow-equal": {
      "version": "1.2.0",
      "resolved": "http://nexus.h3yun.com:8888/repository/npm-all/shallow-equal/-/shallow-equal-1.2.0.tgz",
      "integrity": "sha1-/YKNICn/ThlWnbfhnlNelOLR9cw="
    },
    "shallowequal": {
      "version": "1.1.0",
      "resolved": "http://nexus.h3yun.com:8888/repository/npm-all/shallowequal/-/shallowequal-1.1.0.tgz",
      "integrity": "sha1-GI1SHelbkIdAT9TctosT3wrk5/g="
    },
    "string-convert": {
      "version": "0.2.1",
      "resolved": "http://nexus.h3yun.com:8888/repository/npm-all/string-convert/-/string-convert-0.2.1.tgz",
      "integrity": "sha1-aYLMMEn7tM2F+LJFaLnZvznu/5c="
    },
    "tinycolor2": {
      "version": "1.4.1",
      "resolved": "http://nexus.h3yun.com:8888/repository/npm-all/tinycolor2/-/tinycolor2-1.4.1.tgz",
      "integrity": "sha1-9PrTM0R7wLB9TcjpIJ2POaisd+g="
    },
    "vue-ref": {
      "version": "1.0.6",
      "resolved": "http://nexus.h3yun.com:8888/repository/npm-all/vue-ref/-/vue-ref-1.0.6.tgz",
      "integrity": "sha1-ubPX0OKQ7i/T1Q1de9rFIIBssmU="
    },
    "warning": {
      "version": "3.0.0",
      "resolved": "http://nexus.h3yun.com:8888/repository/npm-all/warning/-/warning-3.0.0.tgz",
      "integrity": "sha1-MuU3fLVy3kqwR1O9+IIcAe1gW3w=",
      "requires": {
        "loose-envify": "^1.0.0"
      }
    }
  }
}
